1am https://github.com/lmj/1am.git
cl-sqlite https://github.com/dmitryvk/cl-sqlite.git
cl-ppcre https://github.com/edicl/cl-ppcre.git
verbose https://github.com/Shinmera/verbose.git
py4cl https://github.com/bendudson/py4cl.git
cffi https://github.com/cffi/cffi.git
iterate https://gitlab.common-lisp.net/iterate/iterate.git
bordeaux-threads https://github.com/sionescu/bordeaux-threads.git
dissect https://github.com/Shinmera/dissect.git
documentation-utils https://github.com/Shinmera/documentation-utils.git
local-time https://github.com/dlowe-net/local-time.git
piping https://github.com/Shinmera/piping.git
cl-json https://github.com/sharplispers/cl-json.git
numpy-file-format https://github.com/marcoheisig/numpy-file-format.git
trivial-garbage https://github.com/trivial-garbage/trivial-garbage
alexandria https://gitlab.common-lisp.net/alexandria/alexandria.git
babel https://github.com/cl-babel/babel.git
trivial-features https://github.com/trivial-features/trivial-features
global-vars https://github.com/lmj/global-vars.git
trivial-indent https://github.com/Shinmera/trivial-indent.git
ieee-floats https://github.com/marijnh/ieee-floats.git
